
Microsoft Visual Studio Solution File, Format Version 12.00
# Visual Studio 15
VisualStudioVersion = 15.0.28307.960
MinimumVisualStudioVersion = 10.0.40219.1
Project("{00D1A9C2-B5F0-4AF3-8072-F6C62B433612}") = "AthleteDB_Data", "AthleteDB_Data\AthleteDB_Data.sqlproj", "{E5158930-5AF6-422E-9BEF-E4B3BE30DF5B}"
EndProject
Global
	GlobalSection(SolutionConfigurationPlatforms) = preSolution
		Debug|Any CPU = Debug|Any CPU
		Release|Any CPU = Release|Any CPU
	EndGlobalSection
	GlobalSection(ProjectConfigurationPlatforms) = postSolution
		{E5158930-5AF6-422E-9BEF-E4B3BE30DF5B}.Debug|Any CPU.ActiveCfg = Debug|Any CPU
		{E5158930-5AF6-422E-9BEF-E4B3BE30DF5B}.Debug|Any CPU.Build.0 = Debug|Any CPU
		{E5158930-5AF6-422E-9BEF-E4B3BE30DF5B}.Debug|Any CPU.Deploy.0 = Debug|Any CPU
		{E5158930-5AF6-422E-9BEF-E4B3BE30DF5B}.Release|Any CPU.ActiveCfg = Release|Any CPU
		{E5158930-5AF6-422E-9BEF-E4B3BE30DF5B}.Release|Any CPU.Build.0 = Release|Any CPU
		{E5158930-5AF6-422E-9BEF-E4B3BE30DF5B}.Release|Any CPU.Deploy.0 = Release|Any CPU
	EndGlobalSection
	GlobalSection(SolutionProperties) = preSolution
		HideSolutionNode = FALSE
	EndGlobalSection
	GlobalSection(ExtensibilityGlobals) = postSolution
		SolutionGuid = {22DAA7D7-5FED-4D3F-A8E5-CF231268EBC7}
	EndGlobalSection
EndGlobal
